{
  "nodes": {
    "minlogSrc": {
      "flake": false,
      "locked": {
        "lastModified": 1600067391,
        "narHash": "sha256-EG+/J0xFVYPEokgD0EZyExLFYbkEDR13AXyK95UoTjM=",
        "ref": "refs/heads/master",
        "rev": "4a9a1e48cd4c7f5e5f4cde63e2dc8d10e98ea218",
        "revCount": 610,
        "type": "git",
        "url": "https://www.math.lmu.de/~minlogit/git/minlog.git"
      },
      "original": {
        "type": "git",
        "url": "https://www.math.lmu.de/~minlogit/git/minlog.git"
      }
    },
    "root": {
      "inputs": {
        "minlogSrc": "minlogSrc"
      }
    }
  },
  "root": "root",
  "version": 7
}
